// !$*UTF8*$!
{
	archiveVersion = 1;
	classes = {
	};
	objectVersion = 46;
	objects = {

/* Begin PBXBuildFile section */
		F1EFF8981F5501E200258968 /* main.m in Sources */ = {isa = PBXBuildFile; fileRef = F1EFF8971F5501E200258968 /* main.m */; };
		F1EFF89B1F5501E200258968 /* AppDelegate.m in Sources */ = {isa = PBXBuildFile; fileRef = F1EFF89A1F5501E200258968 /* AppDelegate.m */; };
		F1EFF89E1F5501E200258968 /* ViewController.m in Sources */ = {isa = PBXBuildFile; fileRef = F1EFF89D1F5501E200258968 /* ViewController.m */; };
		F1EFF8A11F5501E200258968 /* Main.storyboard in Resources */ = {isa = PBXBuildFile; fileRef = F1EFF89F1F5501E200258968 /* Main.storyboard */; };
		F1EFF8A31F5501E200258968 /* Assets.xcassets in Resources */ = {isa = PBXBuildFile; fileRef = F1EFF8A21F5501E200258968 /* Assets.xcassets */; };
		F1EFF8A61F5501E200258968 /* LaunchScreen.storyboard in Resources */ = {isa = PBXBuildFile; fileRef = F1EFF8A41F5501E200258968 /* LaunchScreen.storyboard */; };
		F1EFF8B11F5501E200258968 /* _______Tests.m in Sources */ = {isa = PBXBuildFile; fileRef = F1EFF8B01F5501E200258968 /* _______Tests.m */; };
		F1EFF8BC1F5501E200258968 /* _______UITests.m in Sources */ = {isa = PBXBuildFile; fileRef = F1EFF8BB1F5501E200258968 /* _______UITests.m */; };
		F1EFF8CB1F55020200258968 /* SizerViewController.m in Sources */ = {isa = PBXBuildFile; fileRef = F1EFF8CA1F55020200258968 /* SizerViewController.m */; };
/* End PBXBuildFile section */

/* Begin PBXContainerItemProxy section */
		F1EFF8AD1F5501E200258968 /* PBXContainerItemProxy */ = {
			isa = PBXContainerItemProxy;
			containerPortal = F1EFF88B1F5501E200258968 /* Project object */;
			proxyType = 1;
			remoteGlobalIDString = F1EFF8921F5501E200258968;
			remoteInfo = "右侧滑出筛选项";
		};
		F1EFF8B81F5501E200258968 /* PBXContainerItemProxy */ = {
			isa = PBXContainerItemProxy;
			containerPortal = F1EFF88B1F5501E200258968 /* Project object */;
			proxyType = 1;
			remoteGlobalIDString = F1EFF8921F5501E200258968;
			remoteInfo = "右侧滑出筛选项";
		};
/* End PBXContainerItemProxy section */

/* Begin PBXFileReference section */
		F1EFF8931F5501E200258968 /* 右侧滑出筛选项.app */ = {isa = PBXFileReference; explicitFileType = wrapper.application; includeInIndex = 0; path = "右侧滑出筛选项.app"; sourceTree = BUILT_PRODUCTS_DIR; };
		F1EFF8971F5501E200258968 /* main.m */ = {isa = PBXFileReference; lastKnownFileType = sourcecode.c.objc; path = main.m; sourceTree = "<group>"; };
		F1EFF8991F5501E200258968 /* AppDelegate.h */ = {isa = PBXFileReference; lastKnownFileType = sourcecode.c.h; path = AppDelegate.h; sourceTree = "<group>"; };
		F1EFF89A1F5501E200258968 /* AppDelegate.m */ = {isa = PBXFileReference; lastKnownFileType = sourcecode.c.objc; path = AppDelegate.m; sourceTree = "<group>"; };
		F1EFF89C1F5501E200258968 /* ViewController.h */ = {isa = PBXFileReference; lastKnownFileType = sourcecode.c.h; path = ViewController.h; sourceTree = "<group>"; };
		F1EFF89D1F5501E200258968 /* ViewController.m */ = {isa = PBXFileReference; lastKnownFileType = sourcecode.c.objc; path = ViewController.m; sourceTree = "<group>"; };
		F1EFF8A01F5501E200258968 /* Base */ = {isa = PBXFileReference; lastKnownFileType = file.storyboard; name = Base; path = Base.lproj/Main.storyboard; sourceTree = "<group>"; };
		F1EFF8A21F5501E200258968 /* Assets.xcassets */ = {isa = PBXFileReference; lastKnownFileType = folder.assetcatalog; path = Assets.xcassets; sourceTree = "<group>"; };
		F1EFF8A51F5501E200258968 /* Base */ = {isa = PBXFileReference; lastKnownFileType = file.storyboard; name = Base; path = Base.lproj/LaunchScreen.storyboard; sourceTree = "<group>"; };
		F1EFF8A71F5501E200258968 /* Info.plist */ = {isa = PBXFileReference; lastKnownFileType = text.plist.xml; path = Info.plist; sourceTree = "<group>"; };
		F1EFF8AC1F5501E200258968 /* 右侧滑出筛选项Tests.xctest */ = {isa = PBXFileReference; explicitFileType = wrapper.cfbundle; includeInIndex = 0; path = "右侧滑出筛选项Tests.xctest"; sourceTree = BUILT_PRODUCTS_DIR; };
		F1EFF8B01F5501E200258968 /* _______Tests.m */ = {isa = PBXFileReference; lastKnownFileType = sourcecode.c.objc; path = "_______Tests.m"; sourceTree = "<group>"; };
		F1EFF8B21F5501E200258968 /* Info.plist */ = {isa = PBXFileReference; lastKnownFileType = text.plist.xml; path = Info.plist; sourceTree = "<group>"; };
		F1EFF8B71F5501E200258968 /* 右侧滑出筛选项UITests.xctest */ = {isa = PBXFileReference; explicitFileType = wrapper.cfbundle; includeInIndex = 0; path = "右侧滑出筛选项UITests.xctest"; sourceTree = BUILT_PRODUCTS_DIR; };
		F1EFF8BB1F5501E200258968 /* _______UITests.m */ = {isa = PBXFileReference; lastKnownFileType = sourcecode.c.objc; path = "_______UITests.m"; sourceTree = "<group>"; };
		F1EFF8BD1F5501E200258968 /* Info.plist */ = {isa = PBXFileReference; lastKnownFileType = text.plist.xml; path = Info.plist; sourceTree = "<group>"; };
		F1EFF8C91F55020200258968 /* SizerViewController.h */ = {isa = PBXFileReference; fileEncoding = 4; lastKnownFileType = sourcecode.c.h; path = SizerViewController.h; sourceTree = "<group>"; };
		F1EFF8CA1F55020200258968 /* SizerViewController.m */ = {isa = PBXFileReference; fileEncoding = 4; lastKnownFileType = sourcecode.c.objc; path = SizerViewController.m; sourceTree = "<group>"; };
/* End PBXFileReference section */

/* Begin PBXFrameworksBuildPhase section */
		F1EFF8901F5501E200258968 /* Frameworks */ = {
			isa = PBXFrameworksBuildPhase;
			buildActionMask = 2147483647;
			files = (
			);
			runOnlyForDeploymentPostprocessing = 0;
		};
		F1EFF8A91F5501E200258968 /* Frameworks */ = {
			isa = PBXFrameworksBuildPhase;
			buildActionMask = 2147483647;
			files = (
			);
			runOnlyForDeploymentPostprocessing = 0;
		};
		F1EFF8B41F5501E200258968 /* Frameworks */ = {
			isa = PBXFrameworksBuildPhase;
			buildActionMask = 2147483647;
			files = (
			);
			runOnlyForDeploymentPostprocessing = 0;
		};
/* End PBXFrameworksBuildPhase section */

/* Begin PBXGroup section */
		F1EFF88A1F5501E200258968 = {
			isa = PBXGroup;
			children = (
				F1EFF8951F5501E200258968 /* 右侧滑出筛选项 */,
				F1EFF8AF1F5501E200258968 /* 右侧滑出筛选项Tests */,
				F1EFF8BA1F5501E200258968 /* 右侧滑出筛选项UITests */,
				F1EFF8941F5501E200258968 /* Products */,
			);
			sourceTree = "<group>";
		};
		F1EFF8941F5501E200258968 /* Products */ = {
			isa = PBXGroup;
			children = (
				F1EFF8931F5501E200258968 /* 右侧滑出筛选项.app */,
				F1EFF8AC1F5501E200258968 /* 右侧滑出筛选项Tests.xctest */,
				F1EFF8B71F5501E200258968 /* 右侧滑出筛选项UITests.xctest */,
			);
			name = Products;
			sourceTree = "<group>";
		};
		F1EFF8951F5501E200258968 /* 右侧滑出筛选项 */ = {
			isa = PBXGroup;
			children = (
				F1EFF8991F5501E200258968 /* AppDelegate.h */,
				F1EFF89A1F5501E200258968 /* AppDelegate.m */,
				F1EFF89C1F5501E200258968 /* ViewController.h */,
				F1EFF89D1F5501E200258968 /* ViewController.m */,
				F1EFF8C91F55020200258968 /* SizerViewController.h */,
				F1EFF8CA1F55020200258968 /* SizerViewController.m */,
				F1EFF89F1F5501E200258968 /* Main.storyboard */,
				F1EFF8A21F5501E200258968 /* Assets.xcassets */,
				F1EFF8A41F5501E200258968 /* LaunchScreen.storyboard */,
				F1EFF8A71F5501E200258968 /* Info.plist */,
				F1EFF8961F5501E200258968 /* Supporting Files */,
			);
			path = "右侧滑出筛选项";
			sourceTree = "<group>";
		};
		F1EFF8961F5501E200258968 /* Supporting Files */ = {
			isa = PBXGroup;
			children = (
				F1EFF8971F5501E200258968 /* main.m */,
			);
			name = "Supporting Files";
			sourceTree = "<group>";
		};
		F1EFF8AF1F5501E200258968 /* 右侧滑出筛选项Tests */ = {
			isa = PBXGroup;
			children = (
				F1EFF8B01F5501E200258968 /* _______Tests.m */,
				F1EFF8B21F5501E200258968 /* Info.plist */,
			);
			path = "右侧滑出筛选项Tests";
			sourceTree = "<group>";
		};
		F1EFF8BA1F5501E200258968 /* 右侧滑出筛选项UITests */ = {
			isa = PBXGroup;
			children = (
				F1EFF8BB1F5501E200258968 /* _______UITests.m */,
				F1EFF8BD1F5501E200258968 /* Info.plist */,
			);
			path = "右侧滑出筛选项UITests";
			sourceTree = "<group>";
		};
/* End PBXGroup section */

/* Begin PBXNativeTarget section */
		F1EFF8921F5501E200258968 /* 右侧滑出筛选项 */ = {
			isa = PBXNativeTarget;
			buildConfigurationList = F1EFF8C01F5501E200258968 /* Build configuration list for PBXNativeTarget "右侧滑出筛选项" */;
			buildPhases = (
				F1EFF88F1F5501E200258968 /* Sources */,
				F1EFF8901F5501E200258968 /* Frameworks */,
				F1EFF8911F5501E200258968 /* Resources */,
			);
			buildRules = (
			);
			dependencies = (
			);
			name = "右侧滑出筛选项";
			productName = "右侧滑出筛选项";
			productReference = F1EFF8931F5501E200258968 /* 右侧滑出筛选项.app */;
			productType = "com.apple.product-type.application";
		};
		F1EFF8AB1F5501E200258968 /* 右侧滑出筛选项Tests */ = {
			isa = PBXNativeTarget;
			buildConfigurationList = F1EFF8C31F5501E200258968 /* Build configuration list for PBXNativeTarget "右侧滑出筛选项Tests" */;
			buildPhases = (
				F1EFF8A81F5501E200258968 /* Sources */,
				F1EFF8A91F5501E200258968 /* Frameworks */,
				F1EFF8AA1F5501E200258968 /* Resources */,
			);
			buildRules = (
			);
			dependencies = (
				F1EFF8AE1F5501E200258968 /* PBXTargetDependency */,
			);
			name = "右侧滑出筛选项Tests";
			productName = "右侧滑出筛选项Tests";
			productReference = F1EFF8AC1F5501E200258968 /* 右侧滑出筛选项Tests.xctest */;
			productType = "com.apple.product-type.bundle.unit-test";
		};
		F1EFF8B61F5501E200258968 /* 右侧滑出筛选项UITests */ = {
			isa = PBXNativeTarget;
			buildConfigurationList = F1EFF8C61F5501E200258968 /* Build configuration list for PBXNativeTarget "右侧滑出筛选项UITests" */;
			buildPhases = (
				F1EFF8B31F5501E200258968 /* Sources */,
				F1EFF8B41F5501E200258968 /* Frameworks */,
				F1EFF8B51F5501E200258968 /* Resources */,
			);
			buildRules = (
			);
			dependencies = (
				F1EFF8B91F5501E200258968 /* PBXTargetDependency */,
			);
			name = "右侧滑出筛选项UITests";
			productName = "右侧滑出筛选项UITests";
			productReference = F1EFF8B71F5501E200258968 /* 右侧滑出筛选项UITests.xctest */;
			productType = "com.apple.product-type.bundle.ui-testing";
		};
/* End PBXNativeTarget section */

/* Begin PBXProject section */
		F1EFF88B1F5501E200258968 /* Project object */ = {
			isa = PBXProject;
			attributes = {
				LastUpgradeCheck = 0810;
				ORGANIZATIONNAME = JingBei;
				TargetAttributes = {
					F1EFF8921F5501E200258968 = {
						CreatedOnToolsVersion = 8.1;
						DevelopmentTeam = UV433VL8PE;
						ProvisioningStyle = Automatic;
					};
					F1EFF8AB1F5501E200258968 = {
						CreatedOnToolsVersion = 8.1;
						DevelopmentTeam = UV433VL8PE;
						ProvisioningStyle = Automatic;
						TestTargetID = F1EFF8921F5501E200258968;
					};
					F1EFF8B61F5501E200258968 = {
						CreatedOnToolsVersion = 8.1;
						DevelopmentTeam = UV433VL8PE;
						ProvisioningStyle = Automatic;
						TestTargetID = F1EFF8921F5501E200258968;
					};
				};
			};
			buildConfigurationList = F1EFF88E1F5501E200258968 /* Build configuration list for PBXProject "右侧滑出筛选项" */;
			compatibilityVersion = "Xcode 3.2";
			developmentRegion = English;
			hasScannedForEncodings = 0;
			knownRegions = (
				en,
				Base,
			);
			mainGroup = F1EFF88A1F5501E200258968;
			productRefGroup = F1EFF8941F5501E200258968 /* Products */;
			projectDirPath = "";
			projectRoot = "";
			targets = (
				F1EFF8921F5501E200258968 /* 右侧滑出筛选项 */,
				F1EFF8AB1F5501E200258968 /* 右侧滑出筛选项Tests */,
				F1EFF8B61F5501E200258968 /* 右侧滑出筛选项UITests */,
			);
		};
/* End PBXProject section */

/* Begin PBXResourcesBuildPhase section */
		F1EFF8911F5501E200258968 /* Resources */ = {
			isa = PBXResourcesBuildPhase;
			buildActionMask = 2147483647;
			files = (
				F1EFF8A61F5501E200258968 /* LaunchScreen.storyboard in Resources */,
				F1EFF8A31F5501E200258968 /* Assets.xcassets in Resources */,
				F1EFF8A11F5501E200258968 /* Main.storyboard in Resources */,
			);
			runOnlyForDeploymentPostprocessing = 0;
		};
		F1EFF8AA1F5501E200258968 /* Resources */ = {
			isa = PBXResourcesBuildPhase;
			buildActionMask = 2147483647;
			files = (
			);
			runOnlyForDeploymentPostprocessing = 0;
		};
		F1EFF8B51F5501E200258968 /* Resources */ = {
			isa = PBXResourcesBuildPhase;
			buildActionMask = 2147483647;
			files = (
			);
			runOnlyForDeploymentPostprocessing = 0;
		};
/* End PBXResourcesBuildPhase section */

/* Begin PBXSourcesBuildPhase section */
		F1EFF88F1F5501E200258968 /* Sources */ = {
			isa = PBXSourcesBuildPhase;
			buildActionMask = 2147483647;
			files = (
				F1EFF8CB1F55020200258968 /* SizerViewController.m in Sources */,
				F1EFF89E1F5501E200258968 /* ViewController.m in Sources */,
				F1EFF89B1F5501E200258968 /* AppDelegate.m in Sources */,
				F1EFF8981F5501E200258968 /* main.m in Sources */,
			);
			runOnlyForDeploymentPostprocessing = 0;
		};
		F1EFF8A81F5501E200258968 /* Sources */ = {
			isa = PBXSourcesBuildPhase;
			buildActionMask = 2147483647;
			files = (
				F1EFF8B11F5501E200258968 /* _______Tests.m in Sources */,
			);
			runOnlyForDeploymentPostprocessing = 0;
		};
		F1EFF8B31F5501E200258968 /* Sources */ = {
			isa = PBXSourcesBuildPhase;
			buildActionMask = 2147483647;
			files = (
				F1EFF8BC1F5501E200258968 /* _______UITests.m in Sources */,
			);
			runOnlyForDeploymentPostprocessing = 0;
		};
/* End PBXSourcesBuildPhase section */

/* Begin PBXTargetDependency section */
		F1EFF8AE1F5501E200258968 /* PBXTargetDependency */ = {
			isa = PBXTargetDependency;
			target = F1EFF8921F5501E200258968 /* 右侧滑出筛选项 */;
			targetProxy = F1EFF8AD1F5501E200258968 /* PBXContainerItemProxy */;
		};
		F1EFF8B91F5501E200258968 /* PBXTargetDependency */ = {
			isa = PBXTargetDependency;
			target = F1EFF8921F5501E200258968 /* 右侧滑出筛选项 */;
			targetProxy = F1EFF8B81F5501E200258968 /* PBXContainerItemProxy */;
		};
/* End PBXTargetDependency section */

/* Begin PBXVariantGroup section */
		F1EFF89F1F5501E200258968 /* Main.storyboard */ = {
			isa = PBXVariantGroup;
			children = (
				F1EFF8A01F5501E200258968 /* Base */,
			);
			name = Main.storyboard;
			sourceTree = "<group>";
		};
		F1EFF8A41F5501E200258968 /* LaunchScreen.storyboard */ = {
			isa = PBXVariantGroup;
			children = (
				F1EFF8A51F5501E200258968 /* Base */,
			);
			name = LaunchScreen.storyboard;
			sourceTree = "<group>";
		};
/* End PBXVariantGroup section */

/* Begin XCBuildConfiguration section */
		F1EFF8BE1F5501E200258968 /* Debug */ = {
			isa = XCBuildConfiguration;
			buildSettings = {
				ALWAYS_SEARCH_USER_PATHS = NO;
				CLANG_ANALYZER_NONNULL = YES;
				CLANG_CXX_LANGUAGE_STANDARD = "gnu++0x";
				CLANG_CXX_LIBRARY = "libc++";
				CLANG_ENABLE_MODULES = YES;
				CLANG_ENABLE_OBJC_ARC = YES;
				CLANG_WARN_BOOL_CONVERSION = YES;
				CLANG_WARN_CONSTANT_CONVERSION = YES;
				CLANG_WARN_DIRECT_OBJC_ISA_USAGE = YES_ERROR;
				CLANG_WARN_DOCUMENTATION_COMMENTS = YES;
				CLANG_WARN_EMPTY_BODY = YES;
				CLANG_WARN_ENUM_CONVERSION = YES;
				CLANG_WARN_INFINITE_RECURSION = YES;
				CLANG_WARN_INT_CONVERSION = YES;
				CLANG_WARN_OBJC_ROOT_CLASS = YES_ERROR;
				CLANG_WARN_SUSPICIOUS_MOVES = YES;
				CLANG_WARN_UNREACHABLE_CODE = YES;
				CLANG_WARN__DUPLICATE_METHOD_MATCH = YES;
				"CODE_SIGN_IDENTITY[sdk=iphoneos*]" = "iPhone Developer";
				COPY_PHASE_STRIP = NO;
				DEBUG_INFORMATION_FORMAT = dwarf;
				ENABLE_STRICT_OBJC_MSGSEND = YES;
				ENABLE_TESTABILITY = YES;
				GCC_C_LANGUAGE_STANDARD = gnu99;
				GCC_DYNAMIC_NO_PIC = NO;
				GCC_NO_COMMON_BLOCKS = YES;
				GCC_OPTIMIZATION_LEVEL = 0;
				GCC_PREPROCESSOR_DEFINITIONS = (
					"DEBUG=1",
					"$(inherited)",
				);
				GCC_WARN_64_TO_32_BIT_CONVERSION = YES;
				GCC_WARN_ABOUT_RETURN_TYPE = YES_ERROR;
				GCC_WARN_UNDECLARED_SELECTOR = YES;
				GCC_WARN_UNINITIALIZED_AUTOS = YES_AGGRESSIVE;
				GCC_WARN_UNUSED_FUNCTION = YES;
				GCC_WARN_UNUSED_VARIABLE = YES;
				IPHONEOS_DEPLOYMENT_TARGET = 10.1;
				MTL_ENABLE_DEBUG_INFO = YES;
				ONLY_ACTIVE_ARCH = YES;
				SDKROOT = iphoneos;
				TARGETED_DEVICE_FAMILY = "1,2";
			};
			name = Debug;
		};
		F1EFF8BF1F5501E200258968 /* Release */ = {
			isa = XCBuildConfiguration;
			buildSettings = {
				ALWAYS_SEARCH_USER_PATHS = NO;
				CLANG_ANALYZER_NONNULL = YES;
				CLANG_CXX_LANGUAGE_STANDARD = "gnu++0x";
				CLANG_CXX_LIBRARY = "libc++";
				CLANG_ENABLE_MODULES = YES;
				CLANG_ENABLE_OBJC_ARC = YES;
				CLANG_WARN_BOOL_CONVERSION = YES;
				CLANG_WARN_CONSTANT_CONVERSION = YES;
				CLANG_WARN_DIRECT_OBJC_ISA_USAGE = YES_ERROR;
				CLANG_WARN_DOCUMENTATION_COMMENTS = YES;
				CLANG_WARN_EMPTY_BODY = YES;
				CLANG_WARN_ENUM_CONVERSION = YES;
				CLANG_WARN_INFINITE_RECURSION = YES;
				CLANG_WARN_INT_CONVERSION = YES;
				CLANG_WARN_OBJC_ROOT_CLASS = YES_ERROR;
				CLANG_WARN_SUSPICIOUS_MOVES = YES;
				CLANG_WARN_UNREACHABLE_CODE = YES;
				CLANG_WARN__DUPLICATE_METHOD_MATCH = YES;
				"CODE_SIGN_IDENTITY[sdk=iphoneos*]" = "iPhone Developer";
				COPY_PHASE_STRIP = NO;
				DEBUG_INFORMATION_FORMAT = "dwarf-with-dsym";
				ENABLE_NS_ASSERTIONS = NO;
				ENABLE_STRICT_OBJC_MSGSEND = YES;
				GCC_C_LANGUAGE_STANDARD = gnu99;
				GCC_NO_COMMON_BLOCKS = YES;
				GCC_WARN_64_TO_32_BIT_CONVERSION = YES;
				GCC_WARN_ABOUT_RETURN_TYPE = YES_ERROR;
				GCC_WARN_UNDECLARED_SELECTOR = YES;
				GCC_WARN_UNINITIALIZED_AUTOS = YES_AGGRESSIVE;
				GCC_WARN_UNUSED_FUNCTION = YES;
				GCC_WARN_UNUSED_VARIABLE = YES;
				IPHONEOS_DEPLOYMENT_TARGET = 10.1;
				MTL_ENABLE_DEBUG_INFO = NO;
				SDKROOT = iphoneos;
				TARGETED_DEVICE_FAMILY = "1,2";
				VALIDATE_PRODUCT = YES;
			};
			name = Release;
		};
		F1EFF8C11F5501E200258968 /* Debug */ = {
			isa = XCBuildConfiguration;
			buildSettings = {
				ASSETCATALOG_COMPILER_APPICON_NAME = AppIcon;
				DEVELOPMENT_TEAM = UV433VL8PE;
				INFOPLIST_FILE = "右侧滑出筛选项/Info.plist";
				LD_RUNPATH_SEARCH_PATHS = "$(inherited) @executable_path/Frameworks";
				PRODUCT_BUNDLE_IDENTIFIER = "com.jbtouzi.jingbei.-------";
				PRODUCT_NAME = "$(TARGET_NAME)";
			};
			name = Debug;
		};
		F1EFF8C21F5501E200258968 /* Release */ = {
			isa = XCBuildConfiguration;
			buildSettings = {
				ASSETCATALOG_COMPILER_APPICON_NAME = AppIcon;
				DEVELOPMENT_TEAM = UV433VL8PE;
				INFOPLIST_FILE = "右侧滑出筛选项/Info.plist";
				LD_RUNPATH_SEARCH_PATHS = "$(inherited) @executable_path/Frameworks";
				PRODUCT_BUNDLE_IDENTIFIER = "com.jbtouzi.jingbei.-------";
				PRODUCT_NAME = "$(TARGET_NAME)";
			};
			name = Release;
		};
		F1EFF8C41F5501E200258968 /* Debug */ = {
			isa = XCBuildConfiguration;
			buildSettings = {
				BUNDLE_LOADER = "$(TEST_HOST)";
				DEVELOPMENT_TEAM = UV433VL8PE;
				INFOPLIST_FILE = "右侧滑出筛选项Tests/Info.plist";
				LD_RUNPATH_SEARCH_PATHS = "$(inherited) @executable_path/Frameworks @loader_path/Frameworks";
				PRODUCT_BUNDLE_IDENTIFIER = "com.jbtouzi.jingbei.-------Tests";
				PRODUCT_NAME = "$(TARGET_NAME)";
				TEST_HOST = "$(BUILT_PRODUCTS_DIR)/右侧滑出筛选项.app/右侧滑出筛选项";
			};
			name = Debug;
		};
		F1EFF8C51F5501E200258968 /* Release */ = {
			isa = XCBuildConfiguration;
			buildSettings = {
				BUNDLE_LOADER = "$(TEST_HOST)";
				DEVELOPMENT_TEAM = UV433VL8PE;
				INFOPLIST_FILE = "右侧滑出筛选项Tests/Info.plist";
				LD_RUNPATH_SEARCH_PATHS = "$(inherited) @executable_path/Frameworks @loader_path/Frameworks";
				PRODUCT_BUNDLE_IDENTIFIER = "com.jbtouzi.jingbei.-------Tests";
				PRODUCT_NAME = "$(TARGET_NAME)";
				TEST_HOST = "$(BUILT_PRODUCTS_DIR)/右侧滑出筛选项.app/右侧滑出筛选项";
			};
			name = Release;
		};
		F1EFF8C71F5501E200258968 /* Debug */ = {
			isa = XCBuildConfiguration;
			buildSettings = {
				DEVELOPMENT_TEAM = UV433VL8PE;
				INFOPLIST_FILE = "右侧滑出筛选项UITests/Info.plist";
				LD_RUNPATH_SEARCH_PATHS = "$(inherited) @executable_path/Frameworks @loader_path/Frameworks";
				PRODUCT_BUNDLE_IDENTIFIER = "com.jbtouzi.jingbei.-------UITests";
				PRODUCT_NAME = "$(TARGET_NAME)";
				TEST_TARGET_NAME = "右侧滑出筛选项";
			};
			name = Debug;
		};
		F1EFF8C81F5501E200258968 /* Release */ = {
			isa = XCBuildConfiguration;
			buildSettings = {
				DEVELOPMENT_TEAM = UV433VL8PE;
				INFOPLIST_FILE = "右侧滑出筛选项UITests/Info.plist";
				LD_RUNPATH_SEARCH_PATHS = "$(inherited) @executable_path/Frameworks @loader_path/Frameworks";
				PRODUCT_BUNDLE_IDENTIFIER = "com.jbtouzi.jingbei.-------UITests";
				PRODUCT_NAME = "$(TARGET_NAME)";
				TEST_TARGET_NAME = "右侧滑出筛选项";
			};
			name = Release;
		};
/* End XCBuildConfiguration section */

/* Begin XCConfigurationList section */
		F1EFF88E1F5501E200258968 /* Build configuration list for PBXProject "右侧滑出筛选项" */ = {
			isa = XCConfigurationList;
			buildConfigurations = (
				F1EFF8BE1F5501E200258968 /* Debug */,
				F1EFF8BF1F5501E200258968 /* Release */,
			);
			defaultConfigurationIsVisible = 0;
			defaultConfigurationName = Release;
		};
		F1EFF8C01F5501E200258968 /* Build configuration list for PBXNativeTarget "右侧滑出筛选项" */ = {
			isa = XCConfigurationList;
			buildConfigurations = (
				F1EFF8C11F5501E200258968 /* Debug */,
				F1EFF8C21F5501E200258968 /* Release */,
			);
			defaultConfigurationIsVisible = 0;
		};
		F1EFF8C31F5501E200258968 /* Build configuration list for PBXNativeTarget "右侧滑出筛选项Tests" */ = {
			isa = XCConfigurationList;
			buildConfigurations = (
				F1EFF8C41F5501E200258968 /* Debug */,
				F1EFF8C51F5501E200258968 /* Release */,
			);
			defaultConfigurationIsVisible = 0;
		};
		F1EFF8C61F5501E200258968 /* Build configuration list for PBXNativeTarget "右侧滑出筛选项UITests" */ = {
			isa = XCConfigurationList;
			buildConfigurations = (
				F1EFF8C71F5501E200258968 /* Debug */,
				F1EFF8C81F5501E200258968 /* Release */,
			);
			defaultConfigurationIsVisible = 0;
		};
/* End XCConfigurationList section */
	};
	rootObject = F1EFF88B1F5501E200258968 /* Project object */;
}
